
Microsoft Visual Studio Solution File, Format Version 12.00
# Visual Studio Version 16
VisualStudioVersion = 16.0.31911.196
MinimumVisualStudioVersion = 10.0.40219.1
Project("{9A19103F-16F7-4668-BE54-9A1E7A4F7556}") = "CryptoOrderTrackerLambda", "CryptoOrderTrackerLambda.csproj", "{735CC59A-52C1-4B20-AF35-A4B652D91B4B}"
EndProject
Global
	GlobalSection(SolutionConfigurationPlatforms) = preSolution
		Debug|Any CPU = Debug|Any CPU
		Release|Any CPU = Release|Any CPU
	EndGlobalSection
	GlobalSection(ProjectConfigurationPlatforms) = postSolution
		{735CC59A-52C1-4B20-AF35-A4B652D91B4B}.Debug|Any CPU.ActiveCfg = Debug|Any CPU
		{735CC59A-52C1-4B20-AF35-A4B652D91B4B}.Debug|Any CPU.Build.0 = Debug|Any CPU
		{735CC59A-52C1-4B20-AF35-A4B652D91B4B}.Release|Any CPU.ActiveCfg = Release|Any CPU
		{735CC59A-52C1-4B20-AF35-A4B652D91B4B}.Release|Any CPU.Build.0 = Release|Any CPU
	EndGlobalSection
	GlobalSection(SolutionProperties) = preSolution
		HideSolutionNode = FALSE
	EndGlobalSection
	GlobalSection(ExtensibilityGlobals) = postSolution
		SolutionGuid = {7D55A589-B844-4260-B1B1-F906BD775850}
	EndGlobalSection
EndGlobal
